
Microsoft Visual Studio Solution File, Format Version 12.00
# Visual Studio Version 17
VisualStudioVersion = 17.12.35527.113 d17.12
MinimumVisualStudioVersion = 10.0.40219.1
Project("{FAE04EC0-301F-11D3-BF4B-00C04F79EFBC}") = "NumbersReading", "NumbersReading\NumbersReading.csproj", "{B74FE339-A4BF-4E8B-B327-7E37C27A9EE8}"
	ProjectSection(ProjectDependencies) = postProject
		{8E64E606-83E6-4FB5-86CA-577DE8FF7F2A} = {8E64E606-83E6-4FB5-86CA-577DE8FF7F2A}
	EndProjectSection
EndProject
Project("{FAE04EC0-301F-11D3-BF4B-00C04F79EFBC}") = "GeneratorNumber", "GeneratorNumber\GeneratorNumber.csproj", "{8E64E606-83E6-4FB5-86CA-577DE8FF7F2A}"
EndProject
Global
	GlobalSection(SolutionConfigurationPlatforms) = preSolution
		Debug|Any CPU = Debug|Any CPU
		Release|Any CPU = Release|Any CPU
	EndGlobalSection
	GlobalSection(ProjectConfigurationPlatforms) = postSolution
		{B74FE339-A4BF-4E8B-B327-7E37C27A9EE8}.Debug|Any CPU.ActiveCfg = Debug|Any CPU
		{B74FE339-A4BF-4E8B-B327-7E37C27A9EE8}.Debug|Any CPU.Build.0 = Debug|Any CPU
		{B74FE339-A4BF-4E8B-B327-7E37C27A9EE8}.Release|Any CPU.ActiveCfg = Release|Any CPU
		{B74FE339-A4BF-4E8B-B327-7E37C27A9EE8}.Release|Any CPU.Build.0 = Release|Any CPU
		{B74FE339-A4BF-4E8B-B327-7E37C27A9EE8}.Debug|Any CPU.Deploy.0 = Debug|Any CPU
		{8E64E606-83E6-4FB5-86CA-577DE8FF7F2A}.Debug|Any CPU.ActiveCfg = Debug|Any CPU
		{8E64E606-83E6-4FB5-86CA-577DE8FF7F2A}.Debug|Any CPU.Build.0 = Debug|Any CPU
		{8E64E606-83E6-4FB5-86CA-577DE8FF7F2A}.Release|Any CPU.ActiveCfg = Release|Any CPU
		{8E64E606-83E6-4FB5-86CA-577DE8FF7F2A}.Release|Any CPU.Build.0 = Release|Any CPU
		{8E64E606-83E6-4FB5-86CA-577DE8FF7F2A}.Debug|Any CPU.Deploy.0 = Debug|Any CPU
	EndGlobalSection
	GlobalSection(SolutionProperties) = preSolution
		HideSolutionNode = FALSE
	EndGlobalSection
EndGlobal
